
Microsoft Visual Studio Solution File, Format Version 12.00
# Visual Studio Version 17
VisualStudioVersion = 17.2.32616.157
MinimumVisualStudioVersion = 10.0.40219.1
Project("{9A19103F-16F7-4668-BE54-9A1E7A4F7556}") = "ScreenSound", "ScreenSound.csproj", "{1874A786-6FFA-4F19-BF17-A50B2024BF7F}"
EndProject
Global
	GlobalSection(SolutionConfigurationPlatforms) = preSolution
		Debug|Any CPU = Debug|Any CPU
		Release|Any CPU = Release|Any CPU
	EndGlobalSection
	GlobalSection(ProjectConfigurationPlatforms) = postSolution
		{1874A786-6FFA-4F19-BF17-A50B2024BF7F}.Debug|Any CPU.ActiveCfg = Debug|Any CPU
		{1874A786-6FFA-4F19-BF17-A50B2024BF7F}.Debug|Any CPU.Build.0 = Debug|Any CPU
		{1874A786-6FFA-4F19-BF17-A50B2024BF7F}.Release|Any CPU.ActiveCfg = Release|Any CPU
		{1874A786-6FFA-4F19-BF17-A50B2024BF7F}.Release|Any CPU.Build.0 = Release|Any CPU
	EndGlobalSection
	GlobalSection(SolutionProperties) = preSolution
		HideSolutionNode = FALSE
	EndGlobalSection
	GlobalSection(ExtensibilityGlobals) = postSolution
		SolutionGuid = {9ED8175D-951C-4B78-846A-AC3E5FC87C16}
	EndGlobalSection
EndGlobal
